
Microsoft Visual Studio Solution File, Format Version 12.00
# Visual Studio Version 17
VisualStudioVersion = 17.9.34728.123
MinimumVisualStudioVersion = 10.0.40219.1
Project("{FAE04EC0-301F-11D3-BF4B-00C04F79EFBC}") = "ListaDeTarefasMVC", "ListaDeTarefasMVC\ListaDeTarefasMVC.csproj", "{B898B9FF-3AC0-4D2A-A1E5-0A9B01B77DE2}"
EndProject
Global
	GlobalSection(SolutionConfigurationPlatforms) = preSolution
		Debug|Any CPU = Debug|Any CPU
		Release|Any CPU = Release|Any CPU
	EndGlobalSection
	GlobalSection(ProjectConfigurationPlatforms) = postSolution
		{B898B9FF-3AC0-4D2A-A1E5-0A9B01B77DE2}.Debug|Any CPU.ActiveCfg = Debug|Any CPU
		{B898B9FF-3AC0-4D2A-A1E5-0A9B01B77DE2}.Debug|Any CPU.Build.0 = Debug|Any CPU
		{B898B9FF-3AC0-4D2A-A1E5-0A9B01B77DE2}.Release|Any CPU.ActiveCfg = Release|Any CPU
		{B898B9FF-3AC0-4D2A-A1E5-0A9B01B77DE2}.Release|Any CPU.Build.0 = Release|Any CPU
	EndGlobalSection
	GlobalSection(SolutionProperties) = preSolution
		HideSolutionNode = FALSE
	EndGlobalSection
	GlobalSection(ExtensibilityGlobals) = postSolution
		SolutionGuid = {9FBFE6F6-C1B1-4216-9735-70EF0BDCCD03}
	EndGlobalSection
EndGlobal
